
Microsoft Visual Studio Solution File, Format Version 12.00
# Visual Studio Version 16
VisualStudioVersion = 16.0.31515.178
MinimumVisualStudioVersion = 10.0.40219.1
Project("{FAE04EC0-301F-11D3-BF4B-00C04F79EFBC}") = "MvcContatos", "MvcContatos\MvcContatos.csproj", "{FC69E434-2D7B-4BA8-A956-33503EE784E8}"
EndProject
Global
	GlobalSection(SolutionConfigurationPlatforms) = preSolution
		Debug|Any CPU = Debug|Any CPU
		Release|Any CPU = Release|Any CPU
	EndGlobalSection
	GlobalSection(ProjectConfigurationPlatforms) = postSolution
		{FC69E434-2D7B-4BA8-A956-33503EE784E8}.Debug|Any CPU.ActiveCfg = Debug|Any CPU
		{FC69E434-2D7B-4BA8-A956-33503EE784E8}.Debug|Any CPU.Build.0 = Debug|Any CPU
		{FC69E434-2D7B-4BA8-A956-33503EE784E8}.Release|Any CPU.ActiveCfg = Release|Any CPU
		{FC69E434-2D7B-4BA8-A956-33503EE784E8}.Release|Any CPU.Build.0 = Release|Any CPU
	EndGlobalSection
	GlobalSection(SolutionProperties) = preSolution
		HideSolutionNode = FALSE
	EndGlobalSection
	GlobalSection(ExtensibilityGlobals) = postSolution
		SolutionGuid = {4DEA5548-854F-40CC-8523-5194DB5CEAFC}
	EndGlobalSection
EndGlobal
